Microsoft Visual Studio Solution File, Format Version 12.00
# Visual Studio Version 18
VisualStudioVersion = 18.3.11222.16
MinimumVisualStudioVersion = 10.0.40219.1
Project("{9A19103F-16F7-4668-BE54-9A1E7A4F7556}") = "WorkflowCore.IntegrationTests", "tests\WorkflowCore.IntegrationTests\WorkflowCore.IntegrationTests.csproj", "{97507ADA-C17C-46E6-A68F-C52DADA2E800}"
EndProject
Project("{FAE04EC0-301F-11D3-BF4B-00C04F79EFBC}") = "WorkflowCore", "src\WorkflowCore\WorkflowCore.csproj", "{65D6BF5D-32B3-08C9-AA24-F6A8A9F71E35}"
EndProject
Global
	GlobalSection(SolutionConfigurationPlatforms) = preSolution
		Debug|Any CPU = Debug|Any CPU
		Release|Any CPU = Release|Any CPU
	EndGlobalSection
	GlobalSection(ProjectConfigurationPlatforms) = postSolution
		{97507ADA-C17C-46E6-A68F-C52DADA2E800}.Debug|Any CPU.ActiveCfg = Debug|Any CPU
		{97507ADA-C17C-46E6-A68F-C52DADA2E800}.Debug|Any CPU.Build.0 = Debug|Any CPU
		{97507ADA-C17C-46E6-A68F-C52DADA2E800}.Release|Any CPU.ActiveCfg = Release|Any CPU
		{97507ADA-C17C-46E6-A68F-C52DADA2E800}.Release|Any CPU.Build.0 = Release|Any CPU
		{65D6BF5D-32B3-08C9-AA24-F6A8A9F71E35}.Debug|Any CPU.ActiveCfg = Debug|Any CPU
		{65D6BF5D-32B3-08C9-AA24-F6A8A9F71E35}.Debug|Any CPU.Build.0 = Debug|Any CPU
		{65D6BF5D-32B3-08C9-AA24-F6A8A9F71E35}.Release|Any CPU.ActiveCfg = Release|Any CPU
		{65D6BF5D-32B3-08C9-AA24-F6A8A9F71E35}.Release|Any CPU.Build.0 = Release|Any CPU
	EndGlobalSection
	GlobalSection(SolutionProperties) = preSolution
		HideSolutionNode = FALSE
	EndGlobalSection
	GlobalSection(ExtensibilityGlobals) = postSolution
		SolutionGuid = {8745F72B-7ADF-4F62-9750-5E8A770D3369}
	EndGlobalSection
EndGlobal
